// !$*UTF8*$!
{
	archiveVersion = 1;
	classes = {
	};
	objectVersion = 48;
	objects = {

/* Begin PBXBuildFile section */
		05DD2EA6FFF86822AEB08588 /* Pods_LaunchAppFromBundleIdentifier_LaunchAppFromBundleIdentifierUITests.framework in Frameworks */ = {isa = PBXBuildFile; fileRef = EFE9F447F7B6D1ABFF8F91B5 /* Pods_LaunchAppFromBundleIdentifier_LaunchAppFromBundleIdentifierUITests.framework */; };
		3D1A9D30C3CDC980B6B44399 /* Pods_LaunchAppFromBundleIdentifier_LaunchAppFromBundleIdentifierTests.framework in Frameworks */ = {isa = PBXBuildFile; fileRef = 01789A95AD5EC7B2B1367F09 /* Pods_LaunchAppFromBundleIdentifier_LaunchAppFromBundleIdentifierTests.framework */; };
		6D8367B28D84B93FA436D123 /* Pods_LaunchAppFromBundleIdentifierUITests.framework in Frameworks */ = {isa = PBXBuildFile; fileRef = 1CBDB432660F7286BAA1D5D6 /* Pods_LaunchAppFromBundleIdentifierUITests.framework */; };
		98B5854AD29698C0C5DEC464 /* Pods_LaunchAppFromBundleIdentifier.framework in Frameworks */ = {isa = PBXBuildFile; fileRef = 31A3894B7E68A1E9E4ABAFAE /* Pods_LaunchAppFromBundleIdentifier.framework */; };
		9AFFDC4BCD74DD0FDD074267 /* Pods_LaunchAppFromBundleIdentifierTests.framework in Frameworks */ = {isa = PBXBuildFile; fileRef = 3037F5D2DA88FC0FE3CA37C8 /* Pods_LaunchAppFromBundleIdentifierTests.framework */; };
		C77E7CD01FD7CBB2002E3038 /* AppDelegate.swift in Sources */ = {isa = PBXBuildFile; fileRef = C77E7CCF1FD7CBB2002E3038 /* AppDelegate.swift */; };
		C77E7CD21FD7CBB2002E3038 /* ViewController.swift in Sources */ = {isa = PBXBuildFile; fileRef = C77E7CD11FD7CBB2002E3038 /* ViewController.swift */; };
		C77E7CD41FD7CBB2002E3038 /* Assets.xcassets in Resources */ = {isa = PBXBuildFile; fileRef = C77E7CD31FD7CBB2002E3038 /* Assets.xcassets */; };
		C77E7CD71FD7CBB2002E3038 /* Main.storyboard in Resources */ = {isa = PBXBuildFile; fileRef = C77E7CD51FD7CBB2002E3038 /* Main.storyboard */; };
		C77E7CE31FD7CBB2002E3038 /* LaunchAppFromBundleIdentifierTests.swift in Sources */ = {isa = PBXBuildFile; fileRef = C77E7CE21FD7CBB2002E3038 /* LaunchAppFromBundleIdentifierTests.swift */; };
		C77E7CEE1FD7CBB2002E3038 /* LaunchAppFromBundleIdentifierUITests.swift in Sources */ = {isa = PBXBuildFile; fileRef = C77E7CED1FD7CBB2002E3038 /* LaunchAppFromBundleIdentifierUITests.swift */; };
		C77E7CFF1FD7D115002E3038 /* AppListItems.swift in Sources */ = {isa = PBXBuildFile; fileRef = C77E7CFE1FD7D115002E3038 /* AppListItems.swift */; };
		C77E7D011FD7D157002E3038 /* AppListItemsTests.swift in Sources */ = {isa = PBXBuildFile; fileRef = C77E7D001FD7D157002E3038 /* AppListItemsTests.swift */; };
		C77E7D031FD7DC82002E3038 /* AppListViewModel.swift in Sources */ = {isa = PBXBuildFile; fileRef = C77E7D021FD7DC82002E3038 /* AppListViewModel.swift */; };
		C77E7D051FD7DCB5002E3038 /* AppListViewModelTests.swift in Sources */ = {isa = PBXBuildFile; fileRef = C77E7D041FD7DCB5002E3038 /* AppListViewModelTests.swift */; };
/* End PBXBuildFile section */

/* Begin PBXContainerItemProxy section */
		C77E7CDF1FD7CBB2002E3038 /* PBXContainerItemProxy */ = {
			isa = PBXContainerItemProxy;
			containerPortal = C77E7CC41FD7CBB2002E3038 /* Project object */;
			proxyType = 1;
			remoteGlobalIDString = C77E7CCB1FD7CBB2002E3038;
			remoteInfo = LaunchAppFromBundleIdentifier;
		};
		C77E7CEA1FD7CBB2002E3038 /* PBXContainerItemProxy */ = {
			isa = PBXContainerItemProxy;
			containerPortal = C77E7CC41FD7CBB2002E3038 /* Project object */;
			proxyType = 1;
			remoteGlobalIDString = C77E7CCB1FD7CBB2002E3038;
			remoteInfo = LaunchAppFromBundleIdentifier;
		};
/* End PBXContainerItemProxy section */

/* Begin PBXFileReference section */
		01789A95AD5EC7B2B1367F09 /* Pods_LaunchAppFromBundleIdentifier_LaunchAppFromBundleIdentifierTests.framework */ = {isa = PBXFileReference; explicitFileType = wrapper.framework; includeInIndex = 0; path = Pods_LaunchAppFromBundleIdentifier_LaunchAppFromBundleIdentifierTests.framework; sourceTree = BUILT_PRODUCTS_DIR; };
		13731858C19C68D46C230447 /* Pods-LaunchAppFromBundleIdentifierUITests.debug.xcconfig */ = {isa = PBXFileReference; includeInIndex = 1; lastKnownFileType = text.xcconfig; name = "Pods-LaunchAppFromBundleIdentifierUITests.debug.xcconfig"; path = "Pods/Target Support Files/Pods-LaunchAppFromBundleIdentifierUITests/Pods-LaunchAppFromBundleIdentifierUITests.debug.xcconfig"; sourceTree = "<group>"; };
		1CBDB432660F7286BAA1D5D6 /* Pods_LaunchAppFromBundleIdentifierUITests.framework */ = {isa = PBXFileReference; explicitFileType = wrapper.framework; includeInIndex = 0; path = Pods_LaunchAppFromBundleIdentifierUITests.framework; sourceTree = BUILT_PRODUCTS_DIR; };
		3037F5D2DA88FC0FE3CA37C8 /* Pods_LaunchAppFromBundleIdentifierTests.framework */ = {isa = PBXFileReference; explicitFileType = wrapper.framework; includeInIndex = 0; path = Pods_LaunchAppFromBundleIdentifierTests.framework; sourceTree = BUILT_PRODUCTS_DIR; };
		31A3894B7E68A1E9E4ABAFAE /* Pods_LaunchAppFromBundleIdentifier.framework */ = {isa = PBXFileReference; explicitFileType = wrapper.framework; includeInIndex = 0; path = Pods_LaunchAppFromBundleIdentifier.framework; sourceTree = BUILT_PRODUCTS_DIR; };
		39E9E2B60E70E01B25A82604 /* Pods-LaunchAppFromBundleIdentifier-LaunchAppFromBundleIdentifierUITests.release.xcconfig */ = {isa = PBXFileReference; includeInIndex = 1; lastKnownFileType = text.xcconfig; name = "Pods-LaunchAppFromBundleIdentifier-LaunchAppFromBundleIdentifierUITests.release.xcconfig"; path = "Pods/Target Support Files/Pods-LaunchAppFromBundleIdentifier-LaunchAppFromBundleIdentifierUITests/Pods-LaunchAppFromBundleIdentifier-LaunchAppFromBundleIdentifierUITests.release.xcconfig"; sourceTree = "<group>"; };
		556861DFF7CAADCB48FB6DE2 /* Pods-LaunchAppFromBundleIdentifier-LaunchAppFromBundleIdentifierTests.release.xcconfig */ = {isa = PBXFileReference; includeInIndex = 1; lastKnownFileType = text.xcconfig; name = "Pods-LaunchAppFromBundleIdentifier-LaunchAppFromBundleIdentifierTests.release.xcconfig"; path = "Pods/Target Support Files/Pods-LaunchAppFromBundleIdentifier-LaunchAppFromBundleIdentifierTests/Pods-LaunchAppFromBundleIdentifier-LaunchAppFromBundleIdentifierTests.release.xcconfig"; sourceTree = "<group>"; };
		580EB76BEE3EC863F0B291A3 /* Pods-LaunchAppFromBundleIdentifier.release.xcconfig */ = {isa = PBXFileReference; includeInIndex = 1; lastKnownFileType = text.xcconfig; name = "Pods-LaunchAppFromBundleIdentifier.release.xcconfig"; path = "Pods/Target Support Files/Pods-LaunchAppFromBundleIdentifier/Pods-LaunchAppFromBundleIdentifier.release.xcconfig"; sourceTree = "<group>"; };
		6E640F6724CA4A16EF8EF28A /* Pods-LaunchAppFromBundleIdentifier-LaunchAppFromBundleIdentifierTests.debug.xcconfig */ = {isa = PBXFileReference; includeInIndex = 1; lastKnownFileType = text.xcconfig; name = "Pods-LaunchAppFromBundleIdentifier-LaunchAppFromBundleIdentifierTests.debug.xcconfig"; path = "Pods/Target Support Files/Pods-LaunchAppFromBundleIdentifier-LaunchAppFromBundleIdentifierTests/Pods-LaunchAppFromBundleIdentifier-LaunchAppFromBundleIdentifierTests.debug.xcconfig"; sourceTree = "<group>"; };
		C2F76BAD42A6D262564FAED6 /* Pods-LaunchAppFromBundleIdentifierUITests.release.xcconfig */ = {isa = PBXFileReference; includeInIndex = 1; lastKnownFileType = text.xcconfig; name = "Pods-LaunchAppFromBundleIdentifierUITests.release.xcconfig"; path = "Pods/Target Support Files/Pods-LaunchAppFromBundleIdentifierUITests/Pods-LaunchAppFromBundleIdentifierUITests.release.xcconfig"; sourceTree = "<group>"; };
		C77E7CCC1FD7CBB2002E3038 /* LaunchAppFromBundleIdentifier.app */ = {isa = PBXFileReference; explicitFileType = wrapper.application; includeInIndex = 0; path = LaunchAppFromBundleIdentifier.app; sourceTree = BUILT_PRODUCTS_DIR; };
		C77E7CCF1FD7CBB2002E3038 /* AppDelegate.swift */ = {isa = PBXFileReference; lastKnownFileType = sourcecode.swift; path = AppDelegate.swift; sourceTree = "<group>"; };
		C77E7CD11FD7CBB2002E3038 /* ViewController.swift */ = {isa = PBXFileReference; lastKnownFileType = sourcecode.swift; path = ViewController.swift; sourceTree = "<group>"; };
		C77E7CD31FD7CBB2002E3038 /* Assets.xcassets */ = {isa = PBXFileReference; lastKnownFileType = folder.assetcatalog; path = Assets.xcassets; sourceTree = "<group>"; };
		C77E7CD61FD7CBB2002E3038 /* Base */ = {isa = PBXFileReference; lastKnownFileType = file.storyboard; name = Base; path = Base.lproj/Main.storyboard; sourceTree = "<group>"; };
		C77E7CD81FD7CBB2002E3038 /* Info.plist */ = {isa = PBXFileReference; lastKnownFileType = text.plist.xml; path = Info.plist; sourceTree = "<group>"; };
		C77E7CD91FD7CBB2002E3038 /* LaunchAppFromBundleIdentifier.entitlements */ = {isa = PBXFileReference; lastKnownFileType = text.plist.entitlements; path = LaunchAppFromBundleIdentifier.entitlements; sourceTree = "<group>"; };
		C77E7CDE1FD7CBB2002E3038 /* LaunchAppFromBundleIdentifierTests.xctest */ = {isa = PBXFileReference; explicitFileType = wrapper.cfbundle; includeInIndex = 0; path = LaunchAppFromBundleIdentifierTests.xctest; sourceTree = BUILT_PRODUCTS_DIR; };
		C77E7CE21FD7CBB2002E3038 /* LaunchAppFromBundleIdentifierTests.swift */ = {isa = PBXFileReference; lastKnownFileType = sourcecode.swift; path = LaunchAppFromBundleIdentifierTests.swift; sourceTree = "<group>"; };
		C77E7CE41FD7CBB2002E3038 /* Info.plist */ = {isa = PBXFileReference; lastKnownFileType = text.plist.xml; path = Info.plist; sourceTree = "<group>"; };
		C77E7CE91FD7CBB2002E3038 /* LaunchAppFromBundleIdentifierUITests.xctest */ = {isa = PBXFileReference; explicitFileType = wrapper.cfbundle; includeInIndex = 0; path = LaunchAppFromBundleIdentifierUITests.xctest; sourceTree = BUILT_PRODUCTS_DIR; };
		C77E7CED1FD7CBB2002E3038 /* LaunchAppFromBundleIdentifierUITests.swift */ = {isa = PBXFileReference; lastKnownFileType = sourcecode.swift; path = LaunchAppFromBundleIdentifierUITests.swift; sourceTree = "<group>"; };
		C77E7CEF1FD7CBB2002E3038 /* Info.plist */ = {isa = PBXFileReference; lastKnownFileType = text.plist.xml; path = Info.plist; sourceTree = "<group>"; };
		C77E7CFE1FD7D115002E3038 /* AppListItems.swift */ = {isa = PBXFileReference; lastKnownFileType = sourcecode.swift; path = AppListItems.swift; sourceTree = "<group>"; };
		C77E7D001FD7D157002E3038 /* AppListItemsTests.swift */ = {isa = PBXFileReference; lastKnownFileType = sourcecode.swift; path = AppListItemsTests.swift; sourceTree = "<group>"; };
		C77E7D021FD7DC82002E3038 /* AppListViewModel.swift */ = {isa = PBXFileReference; lastKnownFileType = sourcecode.swift; path = AppListViewModel.swift; sourceTree = "<group>"; };
		C77E7D041FD7DCB5002E3038 /* AppListViewModelTests.swift */ = {isa = PBXFileReference; lastKnownFileType = sourcecode.swift; path = AppListViewModelTests.swift; sourceTree = "<group>"; };
		E202F9373709981B1F9A9932 /* Pods-LaunchAppFromBundleIdentifierTests.release.xcconfig */ = {isa = PBXFileReference; includeInIndex = 1; lastKnownFileType = text.xcconfig; name = "Pods-LaunchAppFromBundleIdentifierTests.release.xcconfig"; path = "Pods/Target Support Files/Pods-LaunchAppFromBundleIdentifierTests/Pods-LaunchAppFromBundleIdentifierTests.release.xcconfig"; sourceTree = "<group>"; };
		E75D415E561A1A929FD3F064 /* Pods-LaunchAppFromBundleIdentifier.debug.xcconfig */ = {isa = PBXFileReference; includeInIndex = 1; lastKnownFileType = text.xcconfig; name = "Pods-LaunchAppFromBundleIdentifier.debug.xcconfig"; path = "Pods/Target Support Files/Pods-LaunchAppFromBundleIdentifier/Pods-LaunchAppFromBundleIdentifier.debug.xcconfig"; sourceTree = "<group>"; };
		E8E275C45B253AF1FC75973B /* Pods-LaunchAppFromBundleIdentifierTests.debug.xcconfig */ = {isa = PBXFileReference; includeInIndex = 1; lastKnownFileType = text.xcconfig; name = "Pods-LaunchAppFromBundleIdentifierTests.debug.xcconfig"; path = "Pods/Target Support Files/Pods-LaunchAppFromBundleIdentifierTests/Pods-LaunchAppFromBundleIdentifierTests.debug.xcconfig"; sourceTree = "<group>"; };
		EFE9F447F7B6D1ABFF8F91B5 /* Pods_LaunchAppFromBundleIdentifier_LaunchAppFromBundleIdentifierUITests.framework */ = {isa = PBXFileReference; explicitFileType = wrapper.framework; includeInIndex = 0; path = Pods_LaunchAppFromBundleIdentifier_LaunchAppFromBundleIdentifierUITests.framework; sourceTree = BUILT_PRODUCTS_DIR; };
		F5B9CFE3EAC147C9BD7B3888 /* Pods-LaunchAppFromBundleIdentifier-LaunchAppFromBundleIdentifierUITests.debug.xcconfig */ = {isa = PBXFileReference; includeInIndex = 1; lastKnownFileType = text.xcconfig; name = "Pods-LaunchAppFromBundleIdentifier-LaunchAppFromBundleIdentifierUITests.debug.xcconfig"; path = "Pods/Target Support Files/Pods-LaunchAppFromBundleIdentifier-LaunchAppFromBundleIdentifierUITests/Pods-LaunchAppFromBundleIdentifier-LaunchAppFromBundleIdentifierUITests.debug.xcconfig"; sourceTree = "<group>"; };
/* End PBXFileReference section */

/* Begin PBXFrameworksBuildPhase section */
		C77E7CC91FD7CBB2002E3038 /* Frameworks */ = {
			isa = PBXFrameworksBuildPhase;
			buildActionMask = 2147483647;
			files = (
				98B5854AD29698C0C5DEC464 /* Pods_LaunchAppFromBundleIdentifier.framework in Frameworks */,
			);
			runOnlyForDeploymentPostprocessing = 0;
		};
		C77E7CDB1FD7CBB2002E3038 /* Frameworks */ = {
			isa = PBXFrameworksBuildPhase;
			buildActionMask = 2147483647;
			files = (
				9AFFDC4BCD74DD0FDD074267 /* Pods_LaunchAppFromBundleIdentifierTests.framework in Frameworks */,
				3D1A9D30C3CDC980B6B44399 /* Pods_LaunchAppFromBundleIdentifier_LaunchAppFromBundleIdentifierTests.framework in Frameworks */,
			);
			runOnlyForDeploymentPostprocessing = 0;
		};
		C77E7CE61FD7CBB2002E3038 /* Frameworks */ = {
			isa = PBXFrameworksBuildPhase;
			buildActionMask = 2147483647;
			files = (
				6D8367B28D84B93FA436D123 /* Pods_LaunchAppFromBundleIdentifierUITests.framework in Frameworks */,
				05DD2EA6FFF86822AEB08588 /* Pods_LaunchAppFromBundleIdentifier_LaunchAppFromBundleIdentifierUITests.framework in Frameworks */,
			);
			runOnlyForDeploymentPostprocessing = 0;
		};
/* End PBXFrameworksBuildPhase section */

/* Begin PBXGroup section */
		BC5972CFA858582892469A5D /* Pods */ = {
			isa = PBXGroup;
			children = (
				E75D415E561A1A929FD3F064 /* Pods-LaunchAppFromBundleIdentifier.debug.xcconfig */,
				580EB76BEE3EC863F0B291A3 /* Pods-LaunchAppFromBundleIdentifier.release.xcconfig */,
				E8E275C45B253AF1FC75973B /* Pods-LaunchAppFromBundleIdentifierTests.debug.xcconfig */,
				E202F9373709981B1F9A9932 /* Pods-LaunchAppFromBundleIdentifierTests.release.xcconfig */,
				13731858C19C68D46C230447 /* Pods-LaunchAppFromBundleIdentifierUITests.debug.xcconfig */,
				C2F76BAD42A6D262564FAED6 /* Pods-LaunchAppFromBundleIdentifierUITests.release.xcconfig */,
				6E640F6724CA4A16EF8EF28A /* Pods-LaunchAppFromBundleIdentifier-LaunchAppFromBundleIdentifierTests.debug.xcconfig */,
				556861DFF7CAADCB48FB6DE2 /* Pods-LaunchAppFromBundleIdentifier-LaunchAppFromBundleIdentifierTests.release.xcconfig */,
				F5B9CFE3EAC147C9BD7B3888 /* Pods-LaunchAppFromBundleIdentifier-LaunchAppFromBundleIdentifierUITests.debug.xcconfig */,
				39E9E2B60E70E01B25A82604 /* Pods-LaunchAppFromBundleIdentifier-LaunchAppFromBundleIdentifierUITests.release.xcconfig */,
			);
			name = Pods;
			sourceTree = "<group>";
		};
		C77E7CC31FD7CBB2002E3038 = {
			isa = PBXGroup;
			children = (
				C77E7CCE1FD7CBB2002E3038 /* LaunchAppFromBundleIdentifier */,
				C77E7CE11FD7CBB2002E3038 /* LaunchAppFromBundleIdentifierTests */,
				C77E7CEC1FD7CBB2002E3038 /* LaunchAppFromBundleIdentifierUITests */,
				C77E7CCD1FD7CBB2002E3038 /* Products */,
				BC5972CFA858582892469A5D /* Pods */,
				D01F24A1AEB29B5EA20B97FB /* Frameworks */,
			);
			sourceTree = "<group>";
		};
		C77E7CCD1FD7CBB2002E3038 /* Products */ = {
			isa = PBXGroup;
			children = (
				C77E7CCC1FD7CBB2002E3038 /* LaunchAppFromBundleIdentifier.app */,
				C77E7CDE1FD7CBB2002E3038 /* LaunchAppFromBundleIdentifierTests.xctest */,
				C77E7CE91FD7CBB2002E3038 /* LaunchAppFromBundleIdentifierUITests.xctest */,
			);
			name = Products;
			sourceTree = "<group>";
		};
		C77E7CCE1FD7CBB2002E3038 /* LaunchAppFromBundleIdentifier */ = {
			isa = PBXGroup;
			children = (
				C77E7CFB1FD7CD87002E3038 /* ViewModel */,
				C77E7CFC1FD7CD8F002E3038 /* Model */,
				C77E7CFD1FD7CD9F002E3038 /* UI */,
				C77E7CCF1FD7CBB2002E3038 /* AppDelegate.swift */,
				C77E7CD31FD7CBB2002E3038 /* Assets.xcassets */,
				C77E7CD81FD7CBB2002E3038 /* Info.plist */,
				C77E7CD91FD7CBB2002E3038 /* LaunchAppFromBundleIdentifier.entitlements */,
			);
			path = LaunchAppFromBundleIdentifier;
			sourceTree = "<group>";
		};
		C77E7CE11FD7CBB2002E3038 /* LaunchAppFromBundleIdentifierTests */ = {
			isa = PBXGroup;
			children = (
				C77E7CE21FD7CBB2002E3038 /* LaunchAppFromBundleIdentifierTests.swift */,
				C77E7CE41FD7CBB2002E3038 /* Info.plist */,
				C77E7D001FD7D157002E3038 /* AppListItemsTests.swift */,
				C77E7D041FD7DCB5002E3038 /* AppListViewModelTests.swift */,
			);
			path = LaunchAppFromBundleIdentifierTests;
			sourceTree = "<group>";
		};
		C77E7CEC1FD7CBB2002E3038 /* LaunchAppFromBundleIdentifierUITests */ = {
			isa = PBXGroup;
			children = (
				C77E7CED1FD7CBB2002E3038 /* LaunchAppFromBundleIdentifierUITests.swift */,
				C77E7CEF1FD7CBB2002E3038 /* Info.plist */,
			);
			path = LaunchAppFromBundleIdentifierUITests;
			sourceTree = "<group>";
		};
		C77E7CFB1FD7CD87002E3038 /* ViewModel */ = {
			isa = PBXGroup;
			children = (
				C77E7D021FD7DC82002E3038 /* AppListViewModel.swift */,
			);
			path = ViewModel;
			sourceTree = "<group>";
		};
		C77E7CFC1FD7CD8F002E3038 /* Model */ = {
			isa = PBXGroup;
			children = (
				C77E7CFE1FD7D115002E3038 /* AppListItems.swift */,
			);
			path = Model;
			sourceTree = "<group>";
		};
		C77E7CFD1FD7CD9F002E3038 /* UI */ = {
			isa = PBXGroup;
			children = (
				C77E7CD11FD7CBB2002E3038 /* ViewController.swift */,
				C77E7CD51FD7CBB2002E3038 /* Main.storyboard */,
			);
			path = UI;
			sourceTree = "<group>";
		};
		D01F24A1AEB29B5EA20B97FB /* Frameworks */ = {
			isa = PBXGroup;
			children = (
				31A3894B7E68A1E9E4ABAFAE /* Pods_LaunchAppFromBundleIdentifier.framework */,
				3037F5D2DA88FC0FE3CA37C8 /* Pods_LaunchAppFromBundleIdentifierTests.framework */,
				1CBDB432660F7286BAA1D5D6 /* Pods_LaunchAppFromBundleIdentifierUITests.framework */,
				01789A95AD5EC7B2B1367F09 /* Pods_LaunchAppFromBundleIdentifier_LaunchAppFromBundleIdentifierTests.framework */,
				EFE9F447F7B6D1ABFF8F91B5 /* Pods_LaunchAppFromBundleIdentifier_LaunchAppFromBundleIdentifierUITests.framework */,
			);
			name = Frameworks;
			sourceTree = "<group>";
		};
/* End PBXGroup section */

/* Begin PBXNativeTarget section */
		C77E7CCB1FD7CBB2002E3038 /* LaunchAppFromBundleIdentifier */ = {
			isa = PBXNativeTarget;
			buildConfigurationList = C77E7CF21FD7CBB2002E3038 /* Build configuration list for PBXNativeTarget "LaunchAppFromBundleIdentifier" */;
			buildPhases = (
				C40AD9B07C254A0F91ED9AD4 /* [CP] Check Pods Manifest.lock */,
				C77E7CC81FD7CBB2002E3038 /* Sources */,
				C77E7CC91FD7CBB2002E3038 /* Frameworks */,
				C77E7CCA1FD7CBB2002E3038 /* Resources */,
				B54338F8FA6C11F0B872ADA2 /* [CP] Embed Pods Frameworks */,
				AC7ED4A18B5DB9D4A575467A /* [CP] Copy Pods Resources */,
			);
			buildRules = (
			);
			dependencies = (
			);
			name = LaunchAppFromBundleIdentifier;
			productName = LaunchAppFromBundleIdentifier;
			productReference = C77E7CCC1FD7CBB2002E3038 /* LaunchAppFromBundleIdentifier.app */;
			productType = "com.apple.product-type.application";
		};
		C77E7CDD1FD7CBB2002E3038 /* LaunchAppFromBundleIdentifierTests */ = {
			isa = PBXNativeTarget;
			buildConfigurationList = C77E7CF51FD7CBB2002E3038 /* Build configuration list for PBXNativeTarget "LaunchAppFromBundleIdentifierTests" */;
			buildPhases = (
				DDA01CAB081AC55CC5A34020 /* [CP] Check Pods Manifest.lock */,
				C77E7CDA1FD7CBB2002E3038 /* Sources */,
				C77E7CDB1FD7CBB2002E3038 /* Frameworks */,
				C77E7CDC1FD7CBB2002E3038 /* Resources */,
				09C7D4C1370B5561C2B92842 /* [CP] Embed Pods Frameworks */,
				6E517BDE2442143D092C2D24 /* [CP] Copy Pods Resources */,
			);
			buildRules = (
			);
			dependencies = (
				C77E7CE01FD7CBB2002E3038 /* PBXTargetDependency */,
			);
			name = LaunchAppFromBundleIdentifierTests;
			productName = LaunchAppFromBundleIdentifierTests;
			productReference = C77E7CDE1FD7CBB2002E3038 /* LaunchAppFromBundleIdentifierTests.xctest */;
			productType = "com.apple.product-type.bundle.unit-test";
		};
		C77E7CE81FD7CBB2002E3038 /* LaunchAppFromBundleIdentifierUITests */ = {
			isa = PBXNativeTarget;
			buildConfigurationList = C77E7CF81FD7CBB2002E3038 /* Build configuration list for PBXNativeTarget "LaunchAppFromBundleIdentifierUITests" */;
			buildPhases = (
				48C9E81B3B0EB27D370A5FFF /* [CP] Check Pods Manifest.lock */,
				C77E7CE51FD7CBB2002E3038 /* Sources */,
				C77E7CE61FD7CBB2002E3038 /* Frameworks */,
				C77E7CE71FD7CBB2002E3038 /* Resources */,
				04DD04EC768D3A45CFAEFDF8 /* [CP] Embed Pods Frameworks */,
				C9C69A60631ED7021252D458 /* [CP] Copy Pods Resources */,
			);
			buildRules = (
			);
			dependencies = (
				C77E7CEB1FD7CBB2002E3038 /* PBXTargetDependency */,
			);
			name = LaunchAppFromBundleIdentifierUITests;
			productName = LaunchAppFromBundleIdentifierUITests;
			productReference = C77E7CE91FD7CBB2002E3038 /* LaunchAppFromBundleIdentifierUITests.xctest */;
			productType = "com.apple.product-type.bundle.ui-testing";
		};
/* End PBXNativeTarget section */

/* Begin PBXProject section */
		C77E7CC41FD7CBB2002E3038 /* Project object */ = {
			isa = PBXProject;
			attributes = {
				LastSwiftUpdateCheck = 0910;
				LastUpgradeCheck = 0910;
				ORGANIZATIONNAME = macneko;
				TargetAttributes = {
					C77E7CCB1FD7CBB2002E3038 = {
						CreatedOnToolsVersion = 9.1;
						ProvisioningStyle = Automatic;
					};
					C77E7CDD1FD7CBB2002E3038 = {
						CreatedOnToolsVersion = 9.1;
						ProvisioningStyle = Automatic;
						TestTargetID = C77E7CCB1FD7CBB2002E3038;
					};
					C77E7CE81FD7CBB2002E3038 = {
						CreatedOnToolsVersion = 9.1;
						ProvisioningStyle = Automatic;
						TestTargetID = C77E7CCB1FD7CBB2002E3038;
					};
				};
			};
			buildConfigurationList = C77E7CC71FD7CBB2002E3038 /* Build configuration list for PBXProject "LaunchAppFromBundleIdentifier" */;
			compatibilityVersion = "Xcode 8.0";
			developmentRegion = en;
			hasScannedForEncodings = 0;
			knownRegions = (
				en,
				Base,
			);
			mainGroup = C77E7CC31FD7CBB2002E3038;
			productRefGroup = C77E7CCD1FD7CBB2002E3038 /* Products */;
			projectDirPath = "";
			projectRoot = "";
			targets = (
				C77E7CCB1FD7CBB2002E3038 /* LaunchAppFromBundleIdentifier */,
				C77E7CDD1FD7CBB2002E3038 /* LaunchAppFromBundleIdentifierTests */,
				C77E7CE81FD7CBB2002E3038 /* LaunchAppFromBundleIdentifierUITests */,
			);
		};
/* End PBXProject section */

/* Begin PBXResourcesBuildPhase section */
		C77E7CCA1FD7CBB2002E3038 /* Resources */ = {
			isa = PBXResourcesBuildPhase;
			buildActionMask = 2147483647;
			files = (
				C77E7CD41FD7CBB2002E3038 /* Assets.xcassets in Resources */,
				C77E7CD71FD7CBB2002E3038 /* Main.storyboard in Resources */,
			);
			runOnlyForDeploymentPostprocessing = 0;
		};
		C77E7CDC1FD7CBB2002E3038 /* Resources */ = {
			isa = PBXResourcesBuildPhase;
			buildActionMask = 2147483647;
			files = (
			);
			runOnlyForDeploymentPostprocessing = 0;
		};
		C77E7CE71FD7CBB2002E3038 /* Resources */ = {
			isa = PBXResourcesBuildPhase;
			buildActionMask = 2147483647;
			files = (
			);
			runOnlyForDeploymentPostprocessing = 0;
		};
/* End PBXResourcesBuildPhase section */

/* Begin PBXShellScriptBuildPhase section */
		04DD04EC768D3A45CFAEFDF8 /* [CP] Embed Pods Frameworks */ = {
			isa = PBXShellScriptBuildPhase;
			buildActionMask = 2147483647;
			files = (
			);
			inputPaths = (
				"${SRCROOT}/Pods/Target Support Files/Pods-LaunchAppFromBundleIdentifier-LaunchAppFromBundleIdentifierUITests/Pods-LaunchAppFromBundleIdentifier-LaunchAppFromBundleIdentifierUITests-frameworks.sh",
				"${BUILT_PRODUCTS_DIR}/RxCocoa/RxCocoa.framework",
				"${BUILT_PRODUCTS_DIR}/RxSwift/RxSwift.framework",
				"${BUILT_PRODUCTS_DIR}/RxBlocking/RxBlocking.framework",
				"${BUILT_PRODUCTS_DIR}/RxTest/RxTest.framework",
			);
			name = "[CP] Embed Pods Frameworks";
			outputPaths = (
				"${TARGET_BUILD_DIR}/${FRAMEWORKS_FOLDER_PATH}/RxCocoa.framework",
				"${TARGET_BUILD_DIR}/${FRAMEWORKS_FOLDER_PATH}/RxSwift.framework",
				"${TARGET_BUILD_DIR}/${FRAMEWORKS_FOLDER_PATH}/RxBlocking.framework",
				"${TARGET_BUILD_DIR}/${FRAMEWORKS_FOLDER_PATH}/RxTest.framework",
			);
			runOnlyForDeploymentPostprocessing = 0;
			shellPath = /bin/sh;
			shellScript = "\"${SRCROOT}/Pods/Target Support Files/Pods-LaunchAppFromBundleIdentifier-LaunchAppFromBundleIdentifierUITests/Pods-LaunchAppFromBundleIdentifier-LaunchAppFromBundleIdentifierUITests-frameworks.sh\"\n";
			showEnvVarsInLog = 0;
		};
		09C7D4C1370B5561C2B92842 /* [CP] Embed Pods Frameworks */ = {
			isa = PBXShellScriptBuildPhase;
			buildActionMask = 2147483647;
			files = (
			);
			inputPaths = (
				"${SRCROOT}/Pods/Target Support Files/Pods-LaunchAppFromBundleIdentifier-LaunchAppFromBundleIdentifierTests/Pods-LaunchAppFromBundleIdentifier-LaunchAppFromBundleIdentifierTests-frameworks.sh",
				"${BUILT_PRODUCTS_DIR}/RxCocoa/RxCocoa.framework",
				"${BUILT_PRODUCTS_DIR}/RxSwift/RxSwift.framework",
				"${BUILT_PRODUCTS_DIR}/RxBlocking/RxBlocking.framework",
				"${BUILT_PRODUCTS_DIR}/RxTest/RxTest.framework",
			);
			name = "[CP] Embed Pods Frameworks";
			outputPaths = (
				"${TARGET_BUILD_DIR}/${FRAMEWORKS_FOLDER_PATH}/RxCocoa.framework",
				"${TARGET_BUILD_DIR}/${FRAMEWORKS_FOLDER_PATH}/RxSwift.framework",
				"${TARGET_BUILD_DIR}/${FRAMEWORKS_FOLDER_PATH}/RxBlocking.framework",
				"${TARGET_BUILD_DIR}/${FRAMEWORKS_FOLDER_PATH}/RxTest.framework",
			);
			runOnlyForDeploymentPostprocessing = 0;
			shellPath = /bin/sh;
			shellScript = "\"${SRCROOT}/Pods/Target Support Files/Pods-LaunchAppFromBundleIdentifier-LaunchAppFromBundleIdentifierTests/Pods-LaunchAppFromBundleIdentifier-LaunchAppFromBundleIdentifierTests-frameworks.sh\"\n";
			showEnvVarsInLog = 0;
		};
		48C9E81B3B0EB27D370A5FFF /* [CP] Check Pods Manifest.lock */ = {
			isa = PBXShellScriptBuildPhase;
			buildActionMask = 2147483647;
			files = (
			);
			inputPaths = (
				"${PODS_PODFILE_DIR_PATH}/Podfile.lock",
				"${PODS_ROOT}/Manifest.lock",
			);
			name = "[CP] Check Pods Manifest.lock";
			outputPaths = (
				"$(DERIVED_FILE_DIR)/Pods-LaunchAppFromBundleIdentifier-LaunchAppFromBundleIdentifierUITests-checkManifestLockResult.txt",
			);
			runOnlyForDeploymentPostprocessing = 0;
			shellPath = /bin/sh;
			shellScript = "diff \"${PODS_PODFILE_DIR_PATH}/Podfile.lock\" \"${PODS_ROOT}/Manifest.lock\" > /dev/null\nif [ $? != 0 ] ; then\n    # print error to STDERR\n    echo \"error: The sandbox is not in sync with the Podfile.lock. Run 'pod install' or update your CocoaPods installation.\" >&2\n    exit 1\nfi\n# This output is used by Xcode 'outputs' to avoid re-running this script phase.\necho \"SUCCESS\" > \"${SCRIPT_OUTPUT_FILE_0}\"\n";
			showEnvVarsInLog = 0;
		};
		6E517BDE2442143D092C2D24 /* [CP] Copy Pods Resources */ = {
			isa = PBXShellScriptBuildPhase;
			buildActionMask = 2147483647;
			files = (
			);
			inputPaths = (
			);
			name = "[CP] Copy Pods Resources";
			outputPaths = (
			);
			runOnlyForDeploymentPostprocessing = 0;
			shellPath = /bin/sh;
			shellScript = "\"${SRCROOT}/Pods/Target Support Files/Pods-LaunchAppFromBundleIdentifier-LaunchAppFromBundleIdentifierTests/Pods-LaunchAppFromBundleIdentifier-LaunchAppFromBundleIdentifierTests-resources.sh\"\n";
			showEnvVarsInLog = 0;
		};
		AC7ED4A18B5DB9D4A575467A /* [CP] Copy Pods Resources */ = {
			isa = PBXShellScriptBuildPhase;
			buildActionMask = 2147483647;
			files = (
			);
			inputPaths = (
			);
			name = "[CP] Copy Pods Resources";
			outputPaths = (
			);
			runOnlyForDeploymentPostprocessing = 0;
			shellPath = /bin/sh;
			shellScript = "\"${SRCROOT}/Pods/Target Support Files/Pods-LaunchAppFromBundleIdentifier/Pods-LaunchAppFromBundleIdentifier-resources.sh\"\n";
			showEnvVarsInLog = 0;
		};
		B54338F8FA6C11F0B872ADA2 /* [CP] Embed Pods Frameworks */ = {
			isa = PBXShellScriptBuildPhase;
			buildActionMask = 2147483647;
			files = (
			);
			inputPaths = (
				"${SRCROOT}/Pods/Target Support Files/Pods-LaunchAppFromBundleIdentifier/Pods-LaunchAppFromBundleIdentifier-frameworks.sh",
				"${BUILT_PRODUCTS_DIR}/RxCocoa/RxCocoa.framework",
				"${BUILT_PRODUCTS_DIR}/RxSwift/RxSwift.framework",
			);
			name = "[CP] Embed Pods Frameworks";
			outputPaths = (
				"${TARGET_BUILD_DIR}/${FRAMEWORKS_FOLDER_PATH}/RxCocoa.framework",
				"${TARGET_BUILD_DIR}/${FRAMEWORKS_FOLDER_PATH}/RxSwift.framework",
			);
			runOnlyForDeploymentPostprocessing = 0;
			shellPath = /bin/sh;
			shellScript = "\"${SRCROOT}/Pods/Target Support Files/Pods-LaunchAppFromBundleIdentifier/Pods-LaunchAppFromBundleIdentifier-frameworks.sh\"\n";
			showEnvVarsInLog = 0;
		};
		C40AD9B07C254A0F91ED9AD4 /* [CP] Check Pods Manifest.lock */ = {
			isa = PBXShellScriptBuildPhase;
			buildActionMask = 2147483647;
			files = (
			);
			inputPaths = (
				"${PODS_PODFILE_DIR_PATH}/Podfile.lock",
				"${PODS_ROOT}/Manifest.lock",
			);
			name = "[CP] Check Pods Manifest.lock";
			outputPaths = (
				"$(DERIVED_FILE_DIR)/Pods-LaunchAppFromBundleIdentifier-checkManifestLockResult.txt",
			);
			runOnlyForDeploymentPostprocessing = 0;
			shellPath = /bin/sh;
			shellScript = "diff \"${PODS_PODFILE_DIR_PATH}/Podfile.lock\" \"${PODS_ROOT}/Manifest.lock\" > /dev/null\nif [ $? != 0 ] ; then\n    # print error to STDERR\n    echo \"error: The sandbox is not in sync with the Podfile.lock. Run 'pod install' or update your CocoaPods installation.\" >&2\n    exit 1\nfi\n# This output is used by Xcode 'outputs' to avoid re-running this script phase.\necho \"SUCCESS\" > \"${SCRIPT_OUTPUT_FILE_0}\"\n";
			showEnvVarsInLog = 0;
		};
		C9C69A60631ED7021252D458 /* [CP] Copy Pods Resources */ = {
			isa = PBXShellScriptBuildPhase;
			buildActionMask = 2147483647;
			files = (
			);
			inputPaths = (
			);
			name = "[CP] Copy Pods Resources";
			outputPaths = (
			);
			runOnlyForDeploymentPostprocessing = 0;
			shellPath = /bin/sh;
			shellScript = "\"${SRCROOT}/Pods/Target Support Files/Pods-LaunchAppFromBundleIdentifier-LaunchAppFromBundleIdentifierUITests/Pods-LaunchAppFromBundleIdentifier-LaunchAppFromBundleIdentifierUITests-resources.sh\"\n";
			showEnvVarsInLog = 0;
		};
		DDA01CAB081AC55CC5A34020 /* [CP] Check Pods Manifest.lock */ = {
			isa = PBXShellScriptBuildPhase;
			buildActionMask = 2147483647;
			files = (
			);
			inputPaths = (
				"${PODS_PODFILE_DIR_PATH}/Podfile.lock",
				"${PODS_ROOT}/Manifest.lock",
			);
			name = "[CP] Check Pods Manifest.lock";
			outputPaths = (
				"$(DERIVED_FILE_DIR)/Pods-LaunchAppFromBundleIdentifier-LaunchAppFromBundleIdentifierTests-checkManifestLockResult.txt",
			);
			runOnlyForDeploymentPostprocessing = 0;
			shellPath = /bin/sh;
			shellScript = "diff \"${PODS_PODFILE_DIR_PATH}/Podfile.lock\" \"${PODS_ROOT}/Manifest.lock\" > /dev/null\nif [ $? != 0 ] ; then\n    # print error to STDERR\n    echo \"error: The sandbox is not in sync with the Podfile.lock. Run 'pod install' or update your CocoaPods installation.\" >&2\n    exit 1\nfi\n# This output is used by Xcode 'outputs' to avoid re-running this script phase.\necho \"SUCCESS\" > \"${SCRIPT_OUTPUT_FILE_0}\"\n";
			showEnvVarsInLog = 0;
		};
/* End PBXShellScriptBuildPhase section */

/* Begin PBXSourcesBuildPhase section */
		C77E7CC81FD7CBB2002E3038 /* Sources */ = {
			isa = PBXSourcesBuildPhase;
			buildActionMask = 2147483647;
			files = (
				C77E7CD21FD7CBB2002E3038 /* ViewController.swift in Sources */,
				C77E7CFF1FD7D115002E3038 /* AppListItems.swift in Sources */,
				C77E7D031FD7DC82002E3038 /* AppListViewModel.swift in Sources */,
				C77E7CD01FD7CBB2002E3038 /* AppDelegate.swift in Sources */,
			);
			runOnlyForDeploymentPostprocessing = 0;
		};
		C77E7CDA1FD7CBB2002E3038 /* Sources */ = {
			isa = PBXSourcesBuildPhase;
			buildActionMask = 2147483647;
			files = (
				C77E7D051FD7DCB5002E3038 /* AppListViewModelTests.swift in Sources */,
				C77E7CE31FD7CBB2002E3038 /* LaunchAppFromBundleIdentifierTests.swift in Sources */,
				C77E7D011FD7D157002E3038 /* AppListItemsTests.swift in Sources */,
			);
			runOnlyForDeploymentPostprocessing = 0;
		};
		C77E7CE51FD7CBB2002E3038 /* Sources */ = {
			isa = PBXSourcesBuildPhase;
			buildActionMask = 2147483647;
			files = (
				C77E7CEE1FD7CBB2002E3038 /* LaunchAppFromBundleIdentifierUITests.swift in Sources */,
			);
			runOnlyForDeploymentPostprocessing = 0;
		};
/* End PBXSourcesBuildPhase section */

/* Begin PBXTargetDependency section */
		C77E7CE01FD7CBB2002E3038 /* PBXTargetDependency */ = {
			isa = PBXTargetDependency;
			target = C77E7CCB1FD7CBB2002E3038 /* LaunchAppFromBundleIdentifier */;
			targetProxy = C77E7CDF1FD7CBB2002E3038 /* PBXContainerItemProxy */;
		};
		C77E7CEB1FD7CBB2002E3038 /* PBXTargetDependency */ = {
			isa = PBXTargetDependency;
			target = C77E7CCB1FD7CBB2002E3038 /* LaunchAppFromBundleIdentifier */;
			targetProxy = C77E7CEA1FD7CBB2002E3038 /* PBXContainerItemProxy */;
		};
/* End PBXTargetDependency section */

/* Begin PBXVariantGroup section */
		C77E7CD51FD7CBB2002E3038 /* Main.storyboard */ = {
			isa = PBXVariantGroup;
			children = (
				C77E7CD61FD7CBB2002E3038 /* Base */,
			);
			name = Main.storyboard;
			sourceTree = "<group>";
		};
/* End PBXVariantGroup section */

/* Begin XCBuildConfiguration section */
		C77E7CF01FD7CBB2002E3038 /* Debug */ = {
			isa = XCBuildConfiguration;
			buildSettings = {
				ALWAYS_SEARCH_USER_PATHS = NO;
				CLANG_ANALYZER_NONNULL = YES;
				CLANG_ANALYZER_NUMBER_OBJECT_CONVERSION = YES_AGGRESSIVE;
				CLANG_CXX_LANGUAGE_STANDARD = "gnu++14";
				CLANG_CXX_LIBRARY = "libc++";
				CLANG_ENABLE_MODULES = YES;
				CLANG_ENABLE_OBJC_ARC = YES;
				CLANG_WARN_BLOCK_CAPTURE_AUTORELEASING = YES;
				CLANG_WARN_BOOL_CONVERSION = YES;
				CLANG_WARN_COMMA = YES;
				CLANG_WARN_CONSTANT_CONVERSION = YES;
				CLANG_WARN_DIRECT_OBJC_ISA_USAGE = YES_ERROR;
				CLANG_WARN_DOCUMENTATION_COMMENTS = YES;
				CLANG_WARN_EMPTY_BODY = YES;
				CLANG_WARN_ENUM_CONVERSION = YES;
				CLANG_WARN_INFINITE_RECURSION = YES;
				CLANG_WARN_INT_CONVERSION = YES;
				CLANG_WARN_NON_LITERAL_NULL_CONVERSION = YES;
				CLANG_WARN_OBJC_LITERAL_CONVERSION = YES;
				CLANG_WARN_OBJC_ROOT_CLASS = YES_ERROR;
				CLANG_WARN_RANGE_LOOP_ANALYSIS = YES;
				CLANG_WARN_STRICT_PROTOTYPES = YES;
				CLANG_WARN_SUSPICIOUS_MOVE = YES;
				CLANG_WARN_UNGUARDED_AVAILABILITY = YES_AGGRESSIVE;
				CLANG_WARN_UNREACHABLE_CODE = YES;
				CLANG_WARN__DUPLICATE_METHOD_MATCH = YES;
				CODE_SIGN_IDENTITY = "Mac Developer";
				COPY_PHASE_STRIP = NO;
				DEBUG_INFORMATION_FORMAT = dwarf;
				ENABLE_STRICT_OBJC_MSGSEND = YES;
				ENABLE_TESTABILITY = YES;
				GCC_C_LANGUAGE_STANDARD = gnu11;
				GCC_DYNAMIC_NO_PIC = NO;
				GCC_NO_COMMON_BLOCKS = YES;
				GCC_OPTIMIZATION_LEVEL = 0;
				GCC_PREPROCESSOR_DEFINITIONS = (
					"DEBUG=1",
					"$(inherited)",
				);
				GCC_WARN_64_TO_32_BIT_CONVERSION = YES;
				GCC_WARN_ABOUT_RETURN_TYPE = YES_ERROR;
				GCC_WARN_UNDECLARED_SELECTOR = YES;
				GCC_WARN_UNINITIALIZED_AUTOS = YES_AGGRESSIVE;
				GCC_WARN_UNUSED_FUNCTION = YES;
				GCC_WARN_UNUSED_VARIABLE = YES;
				MACOSX_DEPLOYMENT_TARGET = 10.12;
				MTL_ENABLE_DEBUG_INFO = YES;
				ONLY_ACTIVE_ARCH = YES;
				SDKROOT = macosx;
				SWIFT_ACTIVE_COMPILATION_CONDITIONS = DEBUG;
				SWIFT_OPTIMIZATION_LEVEL = "-Onone";
			};
			name = Debug;
		};
		C77E7CF11FD7CBB2002E3038 /* Release */ = {
			isa = XCBuildConfiguration;
			buildSettings = {
				ALWAYS_SEARCH_USER_PATHS = NO;
				CLANG_ANALYZER_NONNULL = YES;
				CLANG_ANALYZER_NUMBER_OBJECT_CONVERSION = YES_AGGRESSIVE;
				CLANG_CXX_LANGUAGE_STANDARD = "gnu++14";
				CLANG_CXX_LIBRARY = "libc++";
				CLANG_ENABLE_MODULES = YES;
				CLANG_ENABLE_OBJC_ARC = YES;
				CLANG_WARN_BLOCK_CAPTURE_AUTORELEASING = YES;
				CLANG_WARN_BOOL_CONVERSION = YES;
				CLANG_WARN_COMMA = YES;
				CLANG_WARN_CONSTANT_CONVERSION = YES;
				CLANG_WARN_DIRECT_OBJC_ISA_USAGE = YES_ERROR;
				CLANG_WARN_DOCUMENTATION_COMMENTS = YES;
				CLANG_WARN_EMPTY_BODY = YES;
				CLANG_WARN_ENUM_CONVERSION = YES;
				CLANG_WARN_INFINITE_RECURSION = YES;
				CLANG_WARN_INT_CONVERSION = YES;
				CLANG_WARN_NON_LITERAL_NULL_CONVERSION = YES;
				CLANG_WARN_OBJC_LITERAL_CONVERSION = YES;
				CLANG_WARN_OBJC_ROOT_CLASS = YES_ERROR;
				CLANG_WARN_RANGE_LOOP_ANALYSIS = YES;
				CLANG_WARN_STRICT_PROTOTYPES = YES;
				CLANG_WARN_SUSPICIOUS_MOVE = YES;
				CLANG_WARN_UNGUARDED_AVAILABILITY = YES_AGGRESSIVE;
				CLANG_WARN_UNREACHABLE_CODE = YES;
				CLANG_WARN__DUPLICATE_METHOD_MATCH = YES;
				CODE_SIGN_IDENTITY = "Mac Developer";
				COPY_PHASE_STRIP = NO;
				DEBUG_INFORMATION_FORMAT = "dwarf-with-dsym";
				ENABLE_NS_ASSERTIONS = NO;
				ENABLE_STRICT_OBJC_MSGSEND = YES;
				GCC_C_LANGUAGE_STANDARD = gnu11;
				GCC_NO_COMMON_BLOCKS = YES;
				GCC_WARN_64_TO_32_BIT_CONVERSION = YES;
				GCC_WARN_ABOUT_RETURN_TYPE = YES_ERROR;
				GCC_WARN_UNDECLARED_SELECTOR = YES;
				GCC_WARN_UNINITIALIZED_AUTOS = YES_AGGRESSIVE;
				GCC_WARN_UNUSED_FUNCTION = YES;
				GCC_WARN_UNUSED_VARIABLE = YES;
				MACOSX_DEPLOYMENT_TARGET = 10.12;
				MTL_ENABLE_DEBUG_INFO = NO;
				SDKROOT = macosx;
				SWIFT_OPTIMIZATION_LEVEL = "-Owholemodule";
			};
			name = Release;
		};
		C77E7CF31FD7CBB2002E3038 /* Debug */ = {
			isa = XCBuildConfiguration;
			baseConfigurationReference = E75D415E561A1A929FD3F064 /* Pods-LaunchAppFromBundleIdentifier.debug.xcconfig */;
			buildSettings = {
				ALWAYS_EMBED_SWIFT_STANDARD_LIBRARIES = "$(inherited)";
				ASSETCATALOG_COMPILER_APPICON_NAME = AppIcon;
				CODE_SIGN_ENTITLEMENTS = LaunchAppFromBundleIdentifier/LaunchAppFromBundleIdentifier.entitlements;
				CODE_SIGN_STYLE = Automatic;
				COMBINE_HIDPI_IMAGES = YES;
				DEVELOPMENT_TEAM = 2FZSDA66L9;
				INFOPLIST_FILE = LaunchAppFromBundleIdentifier/Info.plist;
				LD_RUNPATH_SEARCH_PATHS = "$(inherited) @executable_path/../Frameworks";
				PRODUCT_BUNDLE_IDENTIFIER = com.macneko.LaunchAppFromBundleIdentifier;
				PRODUCT_NAME = "$(TARGET_NAME)";
				SWIFT_VERSION = 4.0;
			};
			name = Debug;
		};
		C77E7CF41FD7CBB2002E3038 /* Release */ = {
			isa = XCBuildConfiguration;
			baseConfigurationReference = 580EB76BEE3EC863F0B291A3 /* Pods-LaunchAppFromBundleIdentifier.release.xcconfig */;
			buildSettings = {
				ALWAYS_EMBED_SWIFT_STANDARD_LIBRARIES = "$(inherited)";
				ASSETCATALOG_COMPILER_APPICON_NAME = AppIcon;
				CODE_SIGN_ENTITLEMENTS = LaunchAppFromBundleIdentifier/LaunchAppFromBundleIdentifier.entitlements;
				CODE_SIGN_STYLE = Automatic;
				COMBINE_HIDPI_IMAGES = YES;
				DEVELOPMENT_TEAM = 2FZSDA66L9;
				INFOPLIST_FILE = LaunchAppFromBundleIdentifier/Info.plist;
				LD_RUNPATH_SEARCH_PATHS = "$(inherited) @executable_path/../Frameworks";
				PRODUCT_BUNDLE_IDENTIFIER = com.macneko.LaunchAppFromBundleIdentifier;
				PRODUCT_NAME = "$(TARGET_NAME)";
				SWIFT_VERSION = 4.0;
			};
			name = Release;
		};
		C77E7CF61FD7CBB2002E3038 /* Debug */ = {
			isa = XCBuildConfiguration;
			baseConfigurationReference = 6E640F6724CA4A16EF8EF28A /* Pods-LaunchAppFromBundleIdentifier-LaunchAppFromBundleIdentifierTests.debug.xcconfig */;
			buildSettings = {
				ALWAYS_EMBED_SWIFT_STANDARD_LIBRARIES = "$(inherited)";
				BUNDLE_LOADER = "$(TEST_HOST)";
				CODE_SIGN_STYLE = Automatic;
				COMBINE_HIDPI_IMAGES = YES;
				DEVELOPMENT_TEAM = 2FZSDA66L9;
				INFOPLIST_FILE = LaunchAppFromBundleIdentifierTests/Info.plist;
				LD_RUNPATH_SEARCH_PATHS = "$(inherited) @executable_path/../Frameworks @loader_path/../Frameworks";
				PRODUCT_BUNDLE_IDENTIFIER = com.macneko.LaunchAppFromBundleIdentifierTests;
				PRODUCT_NAME = "$(TARGET_NAME)";
				SWIFT_VERSION = 4.0;
				TEST_HOST = "$(BUILT_PRODUCTS_DIR)/LaunchAppFromBundleIdentifier.app/Contents/MacOS/LaunchAppFromBundleIdentifier";
			};
			name = Debug;
		};
		C77E7CF71FD7CBB2002E3038 /* Release */ = {
			isa = XCBuildConfiguration;
			baseConfigurationReference = 556861DFF7CAADCB48FB6DE2 /* Pods-LaunchAppFromBundleIdentifier-LaunchAppFromBundleIdentifierTests.release.xcconfig */;
			buildSettings = {
				ALWAYS_EMBED_SWIFT_STANDARD_LIBRARIES = "$(inherited)";
				BUNDLE_LOADER = "$(TEST_HOST)";
				CODE_SIGN_STYLE = Automatic;
				COMBINE_HIDPI_IMAGES = YES;
				DEVELOPMENT_TEAM = 2FZSDA66L9;
				INFOPLIST_FILE = LaunchAppFromBundleIdentifierTests/Info.plist;
				LD_RUNPATH_SEARCH_PATHS = "$(inherited) @executable_path/../Frameworks @loader_path/../Frameworks";
				PRODUCT_BUNDLE_IDENTIFIER = com.macneko.LaunchAppFromBundleIdentifierTests;
				PRODUCT_NAME = "$(TARGET_NAME)";
				SWIFT_VERSION = 4.0;
				TEST_HOST = "$(BUILT_PRODUCTS_DIR)/LaunchAppFromBundleIdentifier.app/Contents/MacOS/LaunchAppFromBundleIdentifier";
			};
			name = Release;
		};
		C77E7CF91FD7CBB2002E3038 /* Debug */ = {
			isa = XCBuildConfiguration;
			baseConfigurationReference = F5B9CFE3EAC147C9BD7B3888 /* Pods-LaunchAppFromBundleIdentifier-LaunchAppFromBundleIdentifierUITests.debug.xcconfig */;
			buildSettings = {
				ALWAYS_EMBED_SWIFT_STANDARD_LIBRARIES = "$(inherited)";
				CODE_SIGN_STYLE = Automatic;
				COMBINE_HIDPI_IMAGES = YES;
				DEVELOPMENT_TEAM = 2FZSDA66L9;
				INFOPLIST_FILE = LaunchAppFromBundleIdentifierUITests/Info.plist;
				LD_RUNPATH_SEARCH_PATHS = "$(inherited) @executable_path/../Frameworks @loader_path/../Frameworks";
				PRODUCT_BUNDLE_IDENTIFIER = com.macneko.LaunchAppFromBundleIdentifierUITests;
				PRODUCT_NAME = "$(TARGET_NAME)";
				SWIFT_VERSION = 4.0;
				TEST_TARGET_NAME = LaunchAppFromBundleIdentifier;
			};
			name = Debug;
		};
		C77E7CFA1FD7CBB2002E3038 /* Release */ = {
			isa = XCBuildConfiguration;
			baseConfigurationReference = 39E9E2B60E70E01B25A82604 /* Pods-LaunchAppFromBundleIdentifier-LaunchAppFromBundleIdentifierUITests.release.xcconfig */;
			buildSettings = {
				ALWAYS_EMBED_SWIFT_STANDARD_LIBRARIES = "$(inherited)";
				CODE_SIGN_STYLE = Automatic;
				COMBINE_HIDPI_IMAGES = YES;
				DEVELOPMENT_TEAM = 2FZSDA66L9;
				INFOPLIST_FILE = LaunchAppFromBundleIdentifierUITests/Info.plist;
				LD_RUNPATH_SEARCH_PATHS = "$(inherited) @executable_path/../Frameworks @loader_path/../Frameworks";
				PRODUCT_BUNDLE_IDENTIFIER = com.macneko.LaunchAppFromBundleIdentifierUITests;
				PRODUCT_NAME = "$(TARGET_NAME)";
				SWIFT_VERSION = 4.0;
				TEST_TARGET_NAME = LaunchAppFromBundleIdentifier;
			};
			name = Release;
		};
/* End XCBuildConfiguration section */

/* Begin XCConfigurationList section */
		C77E7CC71FD7CBB2002E3038 /* Build configuration list for PBXProject "LaunchAppFromBundleIdentifier" */ = {
			isa = XCConfigurationList;
			buildConfigurations = (
				C77E7CF01FD7CBB2002E3038 /* Debug */,
				C77E7CF11FD7CBB2002E3038 /* Release */,
			);
			defaultConfigurationIsVisible = 0;
			defaultConfigurationName = Release;
		};
		C77E7CF21FD7CBB2002E3038 /* Build configuration list for PBXNativeTarget "LaunchAppFromBundleIdentifier" */ = {
			isa = XCConfigurationList;
			buildConfigurations = (
				C77E7CF31FD7CBB2002E3038 /* Debug */,
				C77E7CF41FD7CBB2002E3038 /* Release */,
			);
			defaultConfigurationIsVisible = 0;
			defaultConfigurationName = Release;
		};
		C77E7CF51FD7CBB2002E3038 /* Build configuration list for PBXNativeTarget "LaunchAppFromBundleIdentifierTests" */ = {
			isa = XCConfigurationList;
			buildConfigurations = (
				C77E7CF61FD7CBB2002E3038 /* Debug */,
				C77E7CF71FD7CBB2002E3038 /* Release */,
			);
			defaultConfigurationIsVisible = 0;
			defaultConfigurationName = Release;
		};
		C77E7CF81FD7CBB2002E3038 /* Build configuration list for PBXNativeTarget "LaunchAppFromBundleIdentifierUITests" */ = {
			isa = XCConfigurationList;
			buildConfigurations = (
				C77E7CF91FD7CBB2002E3038 /* Debug */,
				C77E7CFA1FD7CBB2002E3038 /* Release */,
			);
			defaultConfigurationIsVisible = 0;
			defaultConfigurationName = Release;
		};
/* End XCConfigurationList section */
	};
	rootObject = C77E7CC41FD7CBB2002E3038 /* Project object */;
}
